// !$*UTF8*$!
{
	archiveVersion = 1;
	classes = {
	};
	objectVersion = 77;
	objects = {

/* Begin PBXBuildFile section */
		08226A8C61BA11FF282B9ECC /* ApplicationShelf.swift in Sources */ = {isa = PBXBuildFile; fileRef = 26CBA65DCE48797AB289BB2C /* ApplicationShelf.swift */; };
		11790F35BF8823D24DEE7958 /* FileShortcuts.swift in Sources */ = {isa = PBXBuildFile; fileRef = 47AFC0CE56DAA452B02B07F5 /* FileShortcuts.swift */; };
		1E5B98C7F668CF078A030AB3 /* SideSubmenuTests.swift in Sources */ = {isa = PBXBuildFile; fileRef = 25F24CD9E8443CA4A769F136 /* SideSubmenuTests.swift */; };
		265ECE17C7ED5C6ECE24F53E /* MenuSearchTests.swift in Sources */ = {isa = PBXBuildFile; fileRef = 67D9B88F60AF4DE4E33EA4AB /* MenuSearchTests.swift */; };
		2A8D8EAE2924EBA7E2BF8AB3 /* LocalizationTests.swift in Sources */ = {isa = PBXBuildFile; fileRef = D80AF9160F5D85C29C172CB1 /* LocalizationTests.swift */; };
		347913E51177783C113FD390 /* SystemControlsView.swift in Sources */ = {isa = PBXBuildFile; fileRef = D890A4A817F3ACCEC1C1F993 /* SystemControlsView.swift */; };
		3A7003F633E103B9DEABE734 /* Localizable.strings in Resources */ = {isa = PBXBuildFile; fileRef = 8DF698C7B74A1509B15B4C3D /* Localizable.strings */; };
		430DF2D3EB3C272316DBA749 /* InputSourceSelectionTests.swift in Sources */ = {isa = PBXBuildFile; fileRef = BC0CD826051982DB20B660D9 /* InputSourceSelectionTests.swift */; };
		50DB24495734CE47BADB37BB /* InputSourceSelection.swift in Sources */ = {isa = PBXBuildFile; fileRef = 12939C195621C1E35EDCEB3D /* InputSourceSelection.swift */; };
		5190FAC3406107DBC4B27F02 /* PrivacyInfo.xcprivacy in Resources */ = {isa = PBXBuildFile; fileRef = 8C48B17BE0780E1642F75A2D /* PrivacyInfo.xcprivacy */; };
		54627F981C2FD367FEB5F3A9 /* BluetoothControlTests.swift in Sources */ = {isa = PBXBuildFile; fileRef = 1145D91FBF9B4404C3797DDE /* BluetoothControlTests.swift */; };
		5815C2720CCCD2E0F7D99061 /* CenterIndicatorTests.swift in Sources */ = {isa = PBXBuildFile; fileRef = 9C9C1284DACA0391E328A0FC /* CenterIndicatorTests.swift */; };
		5E7FD50000EBB435D24D649A /* FuseBarApp.swift in Sources */ = {isa = PBXBuildFile; fileRef = FBB14C694B03324F4BFD1D82 /* FuseBarApp.swift */; };
		6BEE890B8D7DC5EFD869F9C8 /* MenuSearch.swift in Sources */ = {isa = PBXBuildFile; fileRef = 5850513ECFA5DC2267AAC7E5 /* MenuSearch.swift */; };
		6FD7970697785201735C41ED /* StatusModelTests.swift in Sources */ = {isa = PBXBuildFile; fileRef = CA6E8267342B1F615FDDDD33 /* StatusModelTests.swift */; };
		701853FB3BC96193BB2F2935 /* WiFiPanel.swift in Sources */ = {isa = PBXBuildFile; fileRef = E5ED3E61F50A6479770E22D0 /* WiFiPanel.swift */; };
		7C920F2A274A53D05C992C40 /* SoundPanel.swift in Sources */ = {isa = PBXBuildFile; fileRef = E53652A14845957284839ACC /* SoundPanel.swift */; };
		80A3913DF3CDBF551C18A5A6 /* SystemPanelPresentation.swift in Sources */ = {isa = PBXBuildFile; fileRef = 648935D8E77F9B955DBC7ED2 /* SystemPanelPresentation.swift */; };
		857958DDDA733269FF6F42DD /* AudioChangeMonitor.swift in Sources */ = {isa = PBXBuildFile; fileRef = CC0E4C0D03AE1C6F491CB0A7 /* AudioChangeMonitor.swift */; };
		9433E35A13CA6C83210232BE /* AppIcon.icon in Resources */ = {isa = PBXBuildFile; fileRef = D3028E7FEB4239CB540A0FB8 /* AppIcon.icon */; };
		A805B2A1696C996B324EE2DF /* PopoverView.swift in Sources */ = {isa = PBXBuildFile; fileRef = 469583F7A7F18B35D8487E20 /* PopoverView.swift */; };
		AE814E77EDFA52C15D9D7719 /* ScopedBookmark.swift in Sources */ = {isa = PBXBuildFile; fileRef = F6194F0A6CBDFA246CB25297 /* ScopedBookmark.swift */; };
		B2CC0FE692A75EC5B940BF5E /* ApplicationShelfTests.swift in Sources */ = {isa = PBXBuildFile; fileRef = 8531FA293D44E6C5AB0149EC /* ApplicationShelfTests.swift */; };
		C0199EF0252C405DC9EC66F3 /* StatusStore.swift in Sources */ = {isa = PBXBuildFile; fileRef = 5B36A3F013F304EA79CAA7BA /* StatusStore.swift */; };
		C72B0CC04AC06E74D59D02EC /* CodingProjects.swift in Sources */ = {isa = PBXBuildFile; fileRef = 466C53E5FFE3A298F1B92534 /* CodingProjects.swift */; };
		CFDB640DA3B768811FCC1711 /* InputSources.swift in Sources */ = {isa = PBXBuildFile; fileRef = 1975C8C9C6C1060B10EA6AF5 /* InputSources.swift */; };
		D064D3060EFF05BA9CC2610A /* OrbView.swift in Sources */ = {isa = PBXBuildFile; fileRef = 8342ADFA93E77F0CD39B268D /* OrbView.swift */; };
		D31D2F034D8E5C73F90078EE /* MenuButtonStyle.swift in Sources */ = {isa = PBXBuildFile; fileRef = CB852AECD529E2755D6F78A4 /* MenuButtonStyle.swift */; };
		D9B2F33F9337EEFF27B9C926 /* BluetoothPanel.swift in Sources */ = {isa = PBXBuildFile; fileRef = EF4A9A8345D7D67C8A87AB87 /* BluetoothPanel.swift */; };
		DF3359C7A3917456D9FD3531 /* ControlTests.swift in Sources */ = {isa = PBXBuildFile; fileRef = 9CDB8C527432711CAD009D1B /* ControlTests.swift */; };
		E67155B198CAF8CF968C43E3 /* SideSubmenu.swift in Sources */ = {isa = PBXBuildFile; fileRef = 4BDF0BEF2CB39819DD4B6579 /* SideSubmenu.swift */; };
		E6A73C859113FED2C207A7EF /* Localization.swift in Sources */ = {isa = PBXBuildFile; fileRef = 55CE1D595E174346BAFA3255 /* Localization.swift */; };
		E709F37793A1315E3CB8D5C1 /* GlobalShortcut.swift in Sources */ = {isa = PBXBuildFile; fileRef = 78FE04020D253C9402DBF673 /* GlobalShortcut.swift */; };
		E9A15A9EB27115D5C7F773B4 /* SystemMenuComponents.swift in Sources */ = {isa = PBXBuildFile; fileRef = FB17402A5892D9A93F826920 /* SystemMenuComponents.swift */; };
		EBCFC97F3D7D4971DD99C2F3 /* CodingWorkspaceTests.swift in Sources */ = {isa = PBXBuildFile; fileRef = 45E05FE80A7211AF56418FA6 /* CodingWorkspaceTests.swift */; };
		F03CB0C9F46959B411B10652 /* InputSourceTests.swift in Sources */ = {isa = PBXBuildFile; fileRef = 00FF64D8C4D84D2179F28DCF /* InputSourceTests.swift */; };
		F2766ED57A4FCB619FBADF76 /* PanelPresentationTests.swift in Sources */ = {isa = PBXBuildFile; fileRef = B8DF2A88563181E81FEC964A /* PanelPresentationTests.swift */; };
		F6992968F3FA9F66BEC8B8B2 /* SystemReader.swift in Sources */ = {isa = PBXBuildFile; fileRef = 27FFBDEA575A07CE397E8A2F /* SystemReader.swift */; };
		F9FFA464FA71E178300E1456 /* InfoPlist.strings in Resources */ = {isa = PBXBuildFile; fileRef = FA907A3CAA530EC9CD2D9AAE /* InfoPlist.strings */; };
		FA279CC00530C0E3E7DF4E9C /* StatusModel.swift in Sources */ = {isa = PBXBuildFile; fileRef = 0DFA0F69787C1A46032EA337 /* StatusModel.swift */; };
		FC3A42253F8D1B205C8FCA36 /* AudioDevice.swift in Sources */ = {isa = PBXBuildFile; fileRef = F80A7A30FF1E399B5609AB7B /* AudioDevice.swift */; };
		FC78FDA59AF9D2367C5453DC /* BluetoothDevices.swift in Sources */ = {isa = PBXBuildFile; fileRef = 952CFA6D1167C6C8B5991471 /* BluetoothDevices.swift */; };
/* End PBXBuildFile section */

/* Begin PBXContainerItemProxy section */
		C05992AA4E042C3E88946696 /* PBXContainerItemProxy */ = {
			isa = PBXContainerItemProxy;
			containerPortal = 48A71820AB367C395FD9DCC7 /* Project object */;
			proxyType = 1;
			remoteGlobalIDString = D9FFF92C7DE6A8970044EB8F;
			remoteInfo = FuseBar;
		};
/* End PBXContainerItemProxy section */

/* Begin PBXFileReference section */
		005BC6DF01BDB902441DA760 /* ja */ = {isa = PBXFileReference; lastKnownFileType = text.plist.strings; name = ja; path = ja.lproj/InfoPlist.strings; sourceTree = "<group>"; };
		00FF64D8C4D84D2179F28DCF /* InputSourceTests.swift */ = {isa = PBXFileReference; lastKnownFileType = sourcecode.swift; path = InputSourceTests.swift; sourceTree = "<group>"; };
		061595CED78A9CDCFB91A86A /* en */ = {isa = PBXFileReference; lastKnownFileType = text.plist.strings; name = en; path = en.lproj/InfoPlist.strings; sourceTree = "<group>"; };
		0DFA0F69787C1A46032EA337 /* StatusModel.swift */ = {isa = PBXFileReference; lastKnownFileType = sourcecode.swift; path = StatusModel.swift; sourceTree = "<group>"; };
		1145D91FBF9B4404C3797DDE /* BluetoothControlTests.swift */ = {isa = PBXFileReference; lastKnownFileType = sourcecode.swift; path = BluetoothControlTests.swift; sourceTree = "<group>"; };
		12939C195621C1E35EDCEB3D /* InputSourceSelection.swift */ = {isa = PBXFileReference; lastKnownFileType = sourcecode.swift; path = InputSourceSelection.swift; sourceTree = "<group>"; };
		1975C8C9C6C1060B10EA6AF5 /* InputSources.swift */ = {isa = PBXFileReference; lastKnownFileType = sourcecode.swift; path = InputSources.swift; sourceTree = "<group>"; };
		20A92A69666CA2DFCF7ADC2D /* es */ = {isa = PBXFileReference; lastKnownFileType = text.plist.strings; name = es; path = es.lproj/Localizable.strings; sourceTree = "<group>"; };
		25F24CD9E8443CA4A769F136 /* SideSubmenuTests.swift */ = {isa = PBXFileReference; lastKnownFileType = sourcecode.swift; path = SideSubmenuTests.swift; sourceTree = "<group>"; };
		26CBA65DCE48797AB289BB2C /* ApplicationShelf.swift */ = {isa = PBXFileReference; lastKnownFileType = sourcecode.swift; path = ApplicationShelf.swift; sourceTree = "<group>"; };
		27FFBDEA575A07CE397E8A2F /* SystemReader.swift */ = {isa = PBXFileReference; lastKnownFileType = sourcecode.swift; path = SystemReader.swift; sourceTree = "<group>"; };
		4245C5E0A3034DFAA890C5B1 /* fr */ = {isa = PBXFileReference; lastKnownFileType = text.plist.strings; name = fr; path = fr.lproj/Localizable.strings; sourceTree = "<group>"; };
		45E05FE80A7211AF56418FA6 /* CodingWorkspaceTests.swift */ = {isa = PBXFileReference; lastKnownFileType = sourcecode.swift; path = CodingWorkspaceTests.swift; sourceTree = "<group>"; };
		466C53E5FFE3A298F1B92534 /* CodingProjects.swift */ = {isa = PBXFileReference; lastKnownFileType = sourcecode.swift; path = CodingProjects.swift; sourceTree = "<group>"; };
		469583F7A7F18B35D8487E20 /* PopoverView.swift */ = {isa = PBXFileReference; lastKnownFileType = sourcecode.swift; path = PopoverView.swift; sourceTree = "<group>"; };
		47AFC0CE56DAA452B02B07F5 /* FileShortcuts.swift */ = {isa = PBXFileReference; lastKnownFileType = sourcecode.swift; path = FileShortcuts.swift; sourceTree = "<group>"; };
		4BDF0BEF2CB39819DD4B6579 /* SideSubmenu.swift */ = {isa = PBXFileReference; lastKnownFileType = sourcecode.swift; path = SideSubmenu.swift; sourceTree = "<group>"; };
		55CE1D595E174346BAFA3255 /* Localization.swift */ = {isa = PBXFileReference; lastKnownFileType = sourcecode.swift; path = Localization.swift; sourceTree = "<group>"; };
		5850513ECFA5DC2267AAC7E5 /* MenuSearch.swift */ = {isa = PBXFileReference; lastKnownFileType = sourcecode.swift; path = MenuSearch.swift; sourceTree = "<group>"; };
		5B36A3F013F304EA79CAA7BA /* StatusStore.swift */ = {isa = PBXFileReference; lastKnownFileType = sourcecode.swift; path = StatusStore.swift; sourceTree = "<group>"; };
		648935D8E77F9B955DBC7ED2 /* SystemPanelPresentation.swift */ = {isa = PBXFileReference; lastKnownFileType = sourcecode.swift; path = SystemPanelPresentation.swift; sourceTree = "<group>"; };
		67D9B88F60AF4DE4E33EA4AB /* MenuSearchTests.swift */ = {isa = PBXFileReference; lastKnownFileType = sourcecode.swift; path = MenuSearchTests.swift; sourceTree = "<group>"; };
		6ABA933FA4BCE35B80221542 /* en */ = {isa = PBXFileReference; lastKnownFileType = text.plist.strings; name = en; path = en.lproj/Localizable.strings; sourceTree = "<group>"; };
		6D7617898D719D7F8FA2FBC6 /* ja */ = {isa = PBXFileReference; lastKnownFileType = text.plist.strings; name = ja; path = ja.lproj/Localizable.strings; sourceTree = "<group>"; };
		78FE04020D253C9402DBF673 /* GlobalShortcut.swift */ = {isa = PBXFileReference; lastKnownFileType = sourcecode.swift; path = GlobalShortcut.swift; sourceTree = "<group>"; };
		8342ADFA93E77F0CD39B268D /* OrbView.swift */ = {isa = PBXFileReference; lastKnownFileType = sourcecode.swift; path = OrbView.swift; sourceTree = "<group>"; };
		8531FA293D44E6C5AB0149EC /* ApplicationShelfTests.swift */ = {isa = PBXFileReference; lastKnownFileType = sourcecode.swift; path = ApplicationShelfTests.swift; sourceTree = "<group>"; };
		8C48B17BE0780E1642F75A2D /* PrivacyInfo.xcprivacy */ = {isa = PBXFileReference; path = PrivacyInfo.xcprivacy; sourceTree = "<group>"; };
		90D23BD2CB279E665770C680 /* es */ = {isa = PBXFileReference; lastKnownFileType = text.plist.strings; name = es; path = es.lproj/InfoPlist.strings; sourceTree = "<group>"; };
		952CFA6D1167C6C8B5991471 /* BluetoothDevices.swift */ = {isa = PBXFileReference; lastKnownFileType = sourcecode.swift; path = BluetoothDevices.swift; sourceTree = "<group>"; };
		9C9C1284DACA0391E328A0FC /* CenterIndicatorTests.swift */ = {isa = PBXFileReference; lastKnownFileType = sourcecode.swift; path = CenterIndicatorTests.swift; sourceTree = "<group>"; };
		9CDB8C527432711CAD009D1B /* ControlTests.swift */ = {isa = PBXFileReference; lastKnownFileType = sourcecode.swift; path = ControlTests.swift; sourceTree = "<group>"; };
		B8DF2A88563181E81FEC964A /* PanelPresentationTests.swift */ = {isa = PBXFileReference; lastKnownFileType = sourcecode.swift; path = PanelPresentationTests.swift; sourceTree = "<group>"; };
		BC0CD826051982DB20B660D9 /* InputSourceSelectionTests.swift */ = {isa = PBXFileReference; lastKnownFileType = sourcecode.swift; path = InputSourceSelectionTests.swift; sourceTree = "<group>"; };
		BDE6F386B57CFFABFD5D70BC /* FuseBar.app */ = {isa = PBXFileReference; explicitFileType = wrapper.application; includeInIndex = 0; path = FuseBar.app; sourceTree = BUILT_PRODUCTS_DIR; };
		C911F9089DE0245913762281 /* zh-Hans */ = {isa = PBXFileReference; lastKnownFileType = text.plist.strings; name = "zh-Hans"; path = "zh-Hans.lproj/Localizable.strings"; sourceTree = "<group>"; };
		CA6E8267342B1F615FDDDD33 /* StatusModelTests.swift */ = {isa = PBXFileReference; lastKnownFileType = sourcecode.swift; path = StatusModelTests.swift; sourceTree = "<group>"; };
		CB852AECD529E2755D6F78A4 /* MenuButtonStyle.swift */ = {isa = PBXFileReference; lastKnownFileType = sourcecode.swift; path = MenuButtonStyle.swift; sourceTree = "<group>"; };
		CC0E4C0D03AE1C6F491CB0A7 /* AudioChangeMonitor.swift */ = {isa = PBXFileReference; lastKnownFileType = sourcecode.swift; path = AudioChangeMonitor.swift; sourceTree = "<group>"; };
		D3028E7FEB4239CB540A0FB8 /* AppIcon.icon */ = {isa = PBXFileReference; lastKnownFileType = wrapper.icon; path = AppIcon.icon; sourceTree = "<group>"; };
		D80AF9160F5D85C29C172CB1 /* LocalizationTests.swift */ = {isa = PBXFileReference; lastKnownFileType = sourcecode.swift; path = LocalizationTests.swift; sourceTree = "<group>"; };
		D890A4A817F3ACCEC1C1F993 /* SystemControlsView.swift */ = {isa = PBXFileReference; lastKnownFileType = sourcecode.swift; path = SystemControlsView.swift; sourceTree = "<group>"; };
		DA306224F04FF7F74550BA4D /* FuseBarTests.xctest */ = {isa = PBXFileReference; explicitFileType = wrapper.cfbundle; includeInIndex = 0; path = FuseBarTests.xctest; sourceTree = BUILT_PRODUCTS_DIR; };
		E53652A14845957284839ACC /* SoundPanel.swift */ = {isa = PBXFileReference; lastKnownFileType = sourcecode.swift; path = SoundPanel.swift; sourceTree = "<group>"; };
		E5ED3E61F50A6479770E22D0 /* WiFiPanel.swift */ = {isa = PBXFileReference; lastKnownFileType = sourcecode.swift; path = WiFiPanel.swift; sourceTree = "<group>"; };
		ED5B4894A6B62C9792ABDADD /* fr */ = {isa = PBXFileReference; lastKnownFileType = text.plist.strings; name = fr; path = fr.lproj/InfoPlist.strings; sourceTree = "<group>"; };
		EF4A9A8345D7D67C8A87AB87 /* BluetoothPanel.swift */ = {isa = PBXFileReference; lastKnownFileType = sourcecode.swift; path = BluetoothPanel.swift; sourceTree = "<group>"; };
		F6194F0A6CBDFA246CB25297 /* ScopedBookmark.swift */ = {isa = PBXFileReference; lastKnownFileType = sourcecode.swift; path = ScopedBookmark.swift; sourceTree = "<group>"; };
		F80A7A30FF1E399B5609AB7B /* AudioDevice.swift */ = {isa = PBXFileReference; lastKnownFileType = sourcecode.swift; path = AudioDevice.swift; sourceTree = "<group>"; };
		FB17402A5892D9A93F826920 /* SystemMenuComponents.swift */ = {isa = PBXFileReference; lastKnownFileType = sourcecode.swift; path = SystemMenuComponents.swift; sourceTree = "<group>"; };
		FBB14C694B03324F4BFD1D82 /* FuseBarApp.swift */ = {isa = PBXFileReference; lastKnownFileType = sourcecode.swift; path = FuseBarApp.swift; sourceTree = "<group>"; };
		FE280CBF5E232E78E144B8B4 /* zh-Hans */ = {isa = PBXFileReference; lastKnownFileType = text.plist.strings; name = "zh-Hans"; path = "zh-Hans.lproj/InfoPlist.strings"; sourceTree = "<group>"; };
/* End PBXFileReference section */

/* Begin PBXGroup section */
		10DA35D01C905C35542A7A97 /* Products */ = {
			isa = PBXGroup;
			children = (
				BDE6F386B57CFFABFD5D70BC /* FuseBar.app */,
				DA306224F04FF7F74550BA4D /* FuseBarTests.xctest */,
			);
			name = Products;
			sourceTree = "<group>";
		};
		D05BC49DFFCB81001639059B = {
			isa = PBXGroup;
			children = (
				EE812303B067321177424170 /* FuseBar */,
				D987CBC6515941B29BEE0F14 /* FuseBarTests */,
				10DA35D01C905C35542A7A97 /* Products */,
			);
			sourceTree = "<group>";
		};
		D987CBC6515941B29BEE0F14 /* FuseBarTests */ = {
			isa = PBXGroup;
			children = (
				8531FA293D44E6C5AB0149EC /* ApplicationShelfTests.swift */,
				1145D91FBF9B4404C3797DDE /* BluetoothControlTests.swift */,
				9C9C1284DACA0391E328A0FC /* CenterIndicatorTests.swift */,
				45E05FE80A7211AF56418FA6 /* CodingWorkspaceTests.swift */,
				9CDB8C527432711CAD009D1B /* ControlTests.swift */,
				BC0CD826051982DB20B660D9 /* InputSourceSelectionTests.swift */,
				00FF64D8C4D84D2179F28DCF /* InputSourceTests.swift */,
				D80AF9160F5D85C29C172CB1 /* LocalizationTests.swift */,
				67D9B88F60AF4DE4E33EA4AB /* MenuSearchTests.swift */,
				B8DF2A88563181E81FEC964A /* PanelPresentationTests.swift */,
				25F24CD9E8443CA4A769F136 /* SideSubmenuTests.swift */,
				CA6E8267342B1F615FDDDD33 /* StatusModelTests.swift */,
			);
			name = FuseBarTests;
			path = Tests/FuseBarTests;
			sourceTree = "<group>";
		};
		EE812303B067321177424170 /* FuseBar */ = {
			isa = PBXGroup;
			children = (
				D3028E7FEB4239CB540A0FB8 /* AppIcon.icon */,
				26CBA65DCE48797AB289BB2C /* ApplicationShelf.swift */,
				CC0E4C0D03AE1C6F491CB0A7 /* AudioChangeMonitor.swift */,
				F80A7A30FF1E399B5609AB7B /* AudioDevice.swift */,
				952CFA6D1167C6C8B5991471 /* BluetoothDevices.swift */,
				EF4A9A8345D7D67C8A87AB87 /* BluetoothPanel.swift */,
				466C53E5FFE3A298F1B92534 /* CodingProjects.swift */,
				47AFC0CE56DAA452B02B07F5 /* FileShortcuts.swift */,
				FBB14C694B03324F4BFD1D82 /* FuseBarApp.swift */,
				78FE04020D253C9402DBF673 /* GlobalShortcut.swift */,
				1975C8C9C6C1060B10EA6AF5 /* InputSources.swift */,
				12939C195621C1E35EDCEB3D /* InputSourceSelection.swift */,
				55CE1D595E174346BAFA3255 /* Localization.swift */,
				CB852AECD529E2755D6F78A4 /* MenuButtonStyle.swift */,
				5850513ECFA5DC2267AAC7E5 /* MenuSearch.swift */,
				8342ADFA93E77F0CD39B268D /* OrbView.swift */,
				469583F7A7F18B35D8487E20 /* PopoverView.swift */,
				8C48B17BE0780E1642F75A2D /* PrivacyInfo.xcprivacy */,
				F6194F0A6CBDFA246CB25297 /* ScopedBookmark.swift */,
				4BDF0BEF2CB39819DD4B6579 /* SideSubmenu.swift */,
				E53652A14845957284839ACC /* SoundPanel.swift */,
				0DFA0F69787C1A46032EA337 /* StatusModel.swift */,
				5B36A3F013F304EA79CAA7BA /* StatusStore.swift */,
				D890A4A817F3ACCEC1C1F993 /* SystemControlsView.swift */,
				FB17402A5892D9A93F826920 /* SystemMenuComponents.swift */,
				648935D8E77F9B955DBC7ED2 /* SystemPanelPresentation.swift */,
				27FFBDEA575A07CE397E8A2F /* SystemReader.swift */,
				E5ED3E61F50A6479770E22D0 /* WiFiPanel.swift */,
				F8973BC83CE5494DB3B5F790 /* Resources */,
			);
			name = FuseBar;
			path = Sources/FuseBar;
			sourceTree = "<group>";
		};
		F8973BC83CE5494DB3B5F790 /* Resources */ = {
			isa = PBXGroup;
			children = (
				FA907A3CAA530EC9CD2D9AAE /* InfoPlist.strings */,
				8DF698C7B74A1509B15B4C3D /* Localizable.strings */,
			);
			path = Resources;
			sourceTree = "<group>";
		};
/* End PBXGroup section */

/* Begin PBXNativeTarget section */
		166B889740222BBB4FC6807E /* FuseBarTests */ = {
			isa = PBXNativeTarget;
			buildConfigurationList = F38B94CE32BA18625C174132 /* Build configuration list for PBXNativeTarget "FuseBarTests" */;
			buildPhases = (
				613F4CBE1D80ABC9FCD5E2D0 /* Sources */,
			);
			buildRules = (
			);
			dependencies = (
				A31745800150FA1031906DA2 /* PBXTargetDependency */,
			);
			name = FuseBarTests;
			packageProductDependencies = (
			);
			productName = FuseBarTests;
			productReference = DA306224F04FF7F74550BA4D /* FuseBarTests.xctest */;
			productType = "com.apple.product-type.bundle.unit-test";
		};
		D9FFF92C7DE6A8970044EB8F /* FuseBar */ = {
			isa = PBXNativeTarget;
			buildConfigurationList = E67320E4ADCB0566005C2B02 /* Build configuration list for PBXNativeTarget "FuseBar" */;
			buildPhases = (
				3401E8E4622EBD30D9F081E0 /* Sources */,
				7BED99BE42E096CF124EC8F9 /* Resources */,
			);
			buildRules = (
			);
			dependencies = (
			);
			name = FuseBar;
			packageProductDependencies = (
			);
			productName = FuseBar;
			productReference = BDE6F386B57CFFABFD5D70BC /* FuseBar.app */;
			productType = "com.apple.product-type.application";
		};
/* End PBXNativeTarget section */

/* Begin PBXProject section */
		48A71820AB367C395FD9DCC7 /* Project object */ = {
			isa = PBXProject;
			attributes = {
				BuildIndependentTargetsInParallel = YES;
				LastUpgradeCheck = 1430;
				TargetAttributes = {
					166B889740222BBB4FC6807E = {
						DevelopmentTeam = N9Q47Y2LQ4;
						ProvisioningStyle = Automatic;
					};
					D9FFF92C7DE6A8970044EB8F = {
						DevelopmentTeam = N9Q47Y2LQ4;
						ProvisioningStyle = Automatic;
					};
				};
			};
			buildConfigurationList = E5B8C785901F1ACC292AE51E /* Build configuration list for PBXProject "FuseBar" */;
			developmentRegion = en;
			hasScannedForEncodings = 0;
			knownRegions = (
				Base,
				en,
				es,
				fr,
				ja,
				"zh-Hans",
			);
			mainGroup = D05BC49DFFCB81001639059B;
			minimizedProjectReferenceProxies = 1;
			preferredProjectObjectVersion = 77;
			productRefGroup = 10DA35D01C905C35542A7A97 /* Products */;
			projectDirPath = "";
			projectRoot = "";
			targets = (
				D9FFF92C7DE6A8970044EB8F /* FuseBar */,
				166B889740222BBB4FC6807E /* FuseBarTests */,
			);
		};
/* End PBXProject section */

/* Begin PBXResourcesBuildPhase section */
		7BED99BE42E096CF124EC8F9 /* Resources */ = {
			isa = PBXResourcesBuildPhase;
			buildActionMask = 2147483647;
			files = (
				9433E35A13CA6C83210232BE /* AppIcon.icon in Resources */,
				F9FFA464FA71E178300E1456 /* InfoPlist.strings in Resources */,
				3A7003F633E103B9DEABE734 /* Localizable.strings in Resources */,
				5190FAC3406107DBC4B27F02 /* PrivacyInfo.xcprivacy in Resources */,
			);
			runOnlyForDeploymentPostprocessing = 0;
		};
/* End PBXResourcesBuildPhase section */

/* Begin PBXSourcesBuildPhase section */
		3401E8E4622EBD30D9F081E0 /* Sources */ = {
			isa = PBXSourcesBuildPhase;
			buildActionMask = 2147483647;
			files = (
				08226A8C61BA11FF282B9ECC /* ApplicationShelf.swift in Sources */,
				857958DDDA733269FF6F42DD /* AudioChangeMonitor.swift in Sources */,
				FC3A42253F8D1B205C8FCA36 /* AudioDevice.swift in Sources */,
				FC78FDA59AF9D2367C5453DC /* BluetoothDevices.swift in Sources */,
				D9B2F33F9337EEFF27B9C926 /* BluetoothPanel.swift in Sources */,
				C72B0CC04AC06E74D59D02EC /* CodingProjects.swift in Sources */,
				11790F35BF8823D24DEE7958 /* FileShortcuts.swift in Sources */,
				5E7FD50000EBB435D24D649A /* FuseBarApp.swift in Sources */,
				E709F37793A1315E3CB8D5C1 /* GlobalShortcut.swift in Sources */,
				50DB24495734CE47BADB37BB /* InputSourceSelection.swift in Sources */,
				CFDB640DA3B768811FCC1711 /* InputSources.swift in Sources */,
				E6A73C859113FED2C207A7EF /* Localization.swift in Sources */,
				D31D2F034D8E5C73F90078EE /* MenuButtonStyle.swift in Sources */,
				6BEE890B8D7DC5EFD869F9C8 /* MenuSearch.swift in Sources */,
				D064D3060EFF05BA9CC2610A /* OrbView.swift in Sources */,
				A805B2A1696C996B324EE2DF /* PopoverView.swift in Sources */,
				AE814E77EDFA52C15D9D7719 /* ScopedBookmark.swift in Sources */,
				E67155B198CAF8CF968C43E3 /* SideSubmenu.swift in Sources */,
				7C920F2A274A53D05C992C40 /* SoundPanel.swift in Sources */,
				FA279CC00530C0E3E7DF4E9C /* StatusModel.swift in Sources */,
				C0199EF0252C405DC9EC66F3 /* StatusStore.swift in Sources */,
				347913E51177783C113FD390 /* SystemControlsView.swift in Sources */,
				E9A15A9EB27115D5C7F773B4 /* SystemMenuComponents.swift in Sources */,
				80A3913DF3CDBF551C18A5A6 /* SystemPanelPresentation.swift in Sources */,
				F6992968F3FA9F66BEC8B8B2 /* SystemReader.swift in Sources */,
				701853FB3BC96193BB2F2935 /* WiFiPanel.swift in Sources */,
			);
			runOnlyForDeploymentPostprocessing = 0;
		};
		613F4CBE1D80ABC9FCD5E2D0 /* Sources */ = {
			isa = PBXSourcesBuildPhase;
			buildActionMask = 2147483647;
			files = (
				B2CC0FE692A75EC5B940BF5E /* ApplicationShelfTests.swift in Sources */,
				54627F981C2FD367FEB5F3A9 /* BluetoothControlTests.swift in Sources */,
				5815C2720CCCD2E0F7D99061 /* CenterIndicatorTests.swift in Sources */,
				EBCFC97F3D7D4971DD99C2F3 /* CodingWorkspaceTests.swift in Sources */,
				DF3359C7A3917456D9FD3531 /* ControlTests.swift in Sources */,
				430DF2D3EB3C272316DBA749 /* InputSourceSelectionTests.swift in Sources */,
				F03CB0C9F46959B411B10652 /* InputSourceTests.swift in Sources */,
				2A8D8EAE2924EBA7E2BF8AB3 /* LocalizationTests.swift in Sources */,
				265ECE17C7ED5C6ECE24F53E /* MenuSearchTests.swift in Sources */,
				F2766ED57A4FCB619FBADF76 /* PanelPresentationTests.swift in Sources */,
				1E5B98C7F668CF078A030AB3 /* SideSubmenuTests.swift in Sources */,
				6FD7970697785201735C41ED /* StatusModelTests.swift in Sources */,
			);
			runOnlyForDeploymentPostprocessing = 0;
		};
/* End PBXSourcesBuildPhase section */

/* Begin PBXTargetDependency section */
		A31745800150FA1031906DA2 /* PBXTargetDependency */ = {
			isa = PBXTargetDependency;
			target = D9FFF92C7DE6A8970044EB8F /* FuseBar */;
			targetProxy = C05992AA4E042C3E88946696 /* PBXContainerItemProxy */;
		};
/* End PBXTargetDependency section */

/* Begin PBXVariantGroup section */
		8DF698C7B74A1509B15B4C3D /* Localizable.strings */ = {
			isa = PBXVariantGroup;
			children = (
				6ABA933FA4BCE35B80221542 /* en */,
				20A92A69666CA2DFCF7ADC2D /* es */,
				4245C5E0A3034DFAA890C5B1 /* fr */,
				6D7617898D719D7F8FA2FBC6 /* ja */,
				C911F9089DE0245913762281 /* zh-Hans */,
			);
			name = Localizable.strings;
			sourceTree = "<group>";
		};
		FA907A3CAA530EC9CD2D9AAE /* InfoPlist.strings */ = {
			isa = PBXVariantGroup;
			children = (
				061595CED78A9CDCFB91A86A /* en */,
				90D23BD2CB279E665770C680 /* es */,
				ED5B4894A6B62C9792ABDADD /* fr */,
				005BC6DF01BDB902441DA760 /* ja */,
				FE280CBF5E232E78E144B8B4 /* zh-Hans */,
			);
			name = InfoPlist.strings;
			sourceTree = "<group>";
		};
/* End PBXVariantGroup section */

/* Begin XCBuildConfiguration section */
		21EE16AC36D6E3CDB02140C8 /* Debug */ = {
			isa = XCBuildConfiguration;
			buildSettings = {
				ASSETCATALOG_COMPILER_APPICON_NAME = AppIcon;
				CODE_SIGN_ENTITLEMENTS = Sources/FuseBar/FuseBar.entitlements;
				COMBINE_HIDPI_IMAGES = YES;
				CURRENT_PROJECT_VERSION = 3;
				GENERATE_INFOPLIST_FILE = YES;
				INFOPLIST_KEY_ITSAppUsesNonExemptEncryption = NO;
				INFOPLIST_KEY_LSApplicationCategoryType = "public.app-category.utilities";
				INFOPLIST_KEY_LSUIElement = YES;
				INFOPLIST_KEY_NSBluetoothAlwaysUsageDescription = "FuseBar shows paired Bluetooth devices and connects or disconnects them when you choose. Device names and status stay on your Mac.";
				INFOPLIST_KEY_NSHighResolutionCapable = YES;
				INFOPLIST_KEY_NSLocationUsageDescription = "macOS requires location permission to read Wi-Fi names and scan nearby networks on request. FuseBar does not collect location or upload network names.";
				INFOPLIST_KEY_NSLocationWhenInUseUsageDescription = "macOS requires location permission to read Wi-Fi names and scan nearby networks on request. FuseBar does not collect location or upload network names.";
				INFOPLIST_KEY_NSPrincipalClass = NSApplication;
				LD_RUNPATH_SEARCH_PATHS = (
					"$(inherited)",
					"@executable_path/../Frameworks",
				);
				MARKETING_VERSION = 1.1.0;
				PRODUCT_BUNDLE_IDENTIFIER = com.clothpath.fusebar;
				SDKROOT = macosx;
			};
			name = Debug;
		};
		26C72F47CF6056A08595C97D /* Debug */ = {
			isa = XCBuildConfiguration;
			buildSettings = {
				ALWAYS_SEARCH_USER_PATHS = NO;
				CLANG_ANALYZER_NONNULL = YES;
				CLANG_ANALYZER_NUMBER_OBJECT_CONVERSION = YES_AGGRESSIVE;
				CLANG_CXX_LANGUAGE_STANDARD = "gnu++14";
				CLANG_CXX_LIBRARY = "libc++";
				CLANG_ENABLE_MODULES = YES;
				CLANG_ENABLE_OBJC_ARC = YES;
				CLANG_ENABLE_OBJC_WEAK = YES;
				CLANG_WARN_BLOCK_CAPTURE_AUTORELEASING = YES;
				CLANG_WARN_BOOL_CONVERSION = YES;
				CLANG_WARN_COMMA = YES;
				CLANG_WARN_CONSTANT_CONVERSION = YES;
				CLANG_WARN_DEPRECATED_OBJC_IMPLEMENTATIONS = YES;
				CLANG_WARN_DIRECT_OBJC_ISA_USAGE = YES_ERROR;
				CLANG_WARN_DOCUMENTATION_COMMENTS = YES;
				CLANG_WARN_EMPTY_BODY = YES;
				CLANG_WARN_ENUM_CONVERSION = YES;
				CLANG_WARN_INFINITE_RECURSION = YES;
				CLANG_WARN_INT_CONVERSION = YES;
				CLANG_WARN_NON_LITERAL_NULL_CONVERSION = YES;
				CLANG_WARN_OBJC_IMPLICIT_RETAIN_SELF = YES;
				CLANG_WARN_OBJC_LITERAL_CONVERSION = YES;
				CLANG_WARN_OBJC_ROOT_CLASS = YES_ERROR;
				CLANG_WARN_QUOTED_INCLUDE_IN_FRAMEWORK_HEADER = YES;
				CLANG_WARN_RANGE_LOOP_ANALYSIS = YES;
				CLANG_WARN_STRICT_PROTOTYPES = YES;
				CLANG_WARN_SUSPICIOUS_MOVE = YES;
				CLANG_WARN_UNGUARDED_AVAILABILITY = YES_AGGRESSIVE;
				CLANG_WARN_UNREACHABLE_CODE = YES;
				CLANG_WARN__DUPLICATE_METHOD_MATCH = YES;
				CODE_SIGN_IDENTITY = "Apple Development";
				CODE_SIGN_STYLE = Automatic;
				COPY_PHASE_STRIP = NO;
				DEBUG_INFORMATION_FORMAT = dwarf;
				DEVELOPMENT_TEAM = N9Q47Y2LQ4;
				ENABLE_HARDENED_RUNTIME = YES;
				ENABLE_STRICT_OBJC_MSGSEND = YES;
				ENABLE_TESTABILITY = YES;
				GCC_C_LANGUAGE_STANDARD = gnu11;
				GCC_DYNAMIC_NO_PIC = NO;
				GCC_NO_COMMON_BLOCKS = YES;
				GCC_OPTIMIZATION_LEVEL = 0;
				GCC_PREPROCESSOR_DEFINITIONS = (
					"$(inherited)",
					"DEBUG=1",
				);
				GCC_WARN_64_TO_32_BIT_CONVERSION = YES;
				GCC_WARN_ABOUT_RETURN_TYPE = YES_ERROR;
				GCC_WARN_UNDECLARED_SELECTOR = YES;
				GCC_WARN_UNINITIALIZED_AUTOS = YES_AGGRESSIVE;
				GCC_WARN_UNUSED_FUNCTION = YES;
				GCC_WARN_UNUSED_VARIABLE = YES;
				MACOSX_DEPLOYMENT_TARGET = 14.0;
				MTL_ENABLE_DEBUG_INFO = INCLUDE_SOURCE;
				MTL_FAST_MATH = YES;
				ONLY_ACTIVE_ARCH = YES;
				PRODUCT_NAME = "$(TARGET_NAME)";
				SDKROOT = macosx;
				SWIFT_ACTIVE_COMPILATION_CONDITIONS = DEBUG;
				SWIFT_OPTIMIZATION_LEVEL = "-Onone";
				SWIFT_VERSION = 5.0;
			};
			name = Debug;
		};
		27A64A7F471E12BEDDF1C287 /* Release */ = {
			isa = XCBuildConfiguration;
			buildSettings = {
				BUNDLE_LOADER = "$(TEST_HOST)";
				COMBINE_HIDPI_IMAGES = YES;
				GENERATE_INFOPLIST_FILE = YES;
				LD_RUNPATH_SEARCH_PATHS = (
					"$(inherited)",
					"@executable_path/../Frameworks",
					"@loader_path/../Frameworks",
				);
				PRODUCT_BUNDLE_IDENTIFIER = com.clothpath.fusebar.tests;
				SDKROOT = macosx;
				TEST_HOST = "$(BUILT_PRODUCTS_DIR)/FuseBar.app/Contents/MacOS/FuseBar";
			};
			name = Release;
		};
		AAE2D79D91E0CAB65589486B /* Debug */ = {
			isa = XCBuildConfiguration;
			buildSettings = {
				BUNDLE_LOADER = "$(TEST_HOST)";
				COMBINE_HIDPI_IMAGES = YES;
				GENERATE_INFOPLIST_FILE = YES;
				LD_RUNPATH_SEARCH_PATHS = (
					"$(inherited)",
					"@executable_path/../Frameworks",
					"@loader_path/../Frameworks",
				);
				PRODUCT_BUNDLE_IDENTIFIER = com.clothpath.fusebar.tests;
				SDKROOT = macosx;
				TEST_HOST = "$(BUILT_PRODUCTS_DIR)/FuseBar.app/Contents/MacOS/FuseBar";
			};
			name = Debug;
		};
		B2A557F2D932E7238F02A9B6 /* Release */ = {
			isa = XCBuildConfiguration;
			buildSettings = {
				ALWAYS_SEARCH_USER_PATHS = NO;
				CLANG_ANALYZER_NONNULL = YES;
				CLANG_ANALYZER_NUMBER_OBJECT_CONVERSION = YES_AGGRESSIVE;
				CLANG_CXX_LANGUAGE_STANDARD = "gnu++14";
				CLANG_CXX_LIBRARY = "libc++";
				CLANG_ENABLE_MODULES = YES;
				CLANG_ENABLE_OBJC_ARC = YES;
				CLANG_ENABLE_OBJC_WEAK = YES;
				CLANG_WARN_BLOCK_CAPTURE_AUTORELEASING = YES;
				CLANG_WARN_BOOL_CONVERSION = YES;
				CLANG_WARN_COMMA = YES;
				CLANG_WARN_CONSTANT_CONVERSION = YES;
				CLANG_WARN_DEPRECATED_OBJC_IMPLEMENTATIONS = YES;
				CLANG_WARN_DIRECT_OBJC_ISA_USAGE = YES_ERROR;
				CLANG_WARN_DOCUMENTATION_COMMENTS = YES;
				CLANG_WARN_EMPTY_BODY = YES;
				CLANG_WARN_ENUM_CONVERSION = YES;
				CLANG_WARN_INFINITE_RECURSION = YES;
				CLANG_WARN_INT_CONVERSION = YES;
				CLANG_WARN_NON_LITERAL_NULL_CONVERSION = YES;
				CLANG_WARN_OBJC_IMPLICIT_RETAIN_SELF = YES;
				CLANG_WARN_OBJC_LITERAL_CONVERSION = YES;
				CLANG_WARN_OBJC_ROOT_CLASS = YES_ERROR;
				CLANG_WARN_QUOTED_INCLUDE_IN_FRAMEWORK_HEADER = YES;
				CLANG_WARN_RANGE_LOOP_ANALYSIS = YES;
				CLANG_WARN_STRICT_PROTOTYPES = YES;
				CLANG_WARN_SUSPICIOUS_MOVE = YES;
				CLANG_WARN_UNGUARDED_AVAILABILITY = YES_AGGRESSIVE;
				CLANG_WARN_UNREACHABLE_CODE = YES;
				CLANG_WARN__DUPLICATE_METHOD_MATCH = YES;
				CODE_SIGN_IDENTITY = "Apple Development";
				CODE_SIGN_STYLE = Automatic;
				COPY_PHASE_STRIP = NO;
				DEBUG_INFORMATION_FORMAT = "dwarf-with-dsym";
				DEVELOPMENT_TEAM = N9Q47Y2LQ4;
				ENABLE_HARDENED_RUNTIME = YES;
				ENABLE_NS_ASSERTIONS = NO;
				ENABLE_STRICT_OBJC_MSGSEND = YES;
				GCC_C_LANGUAGE_STANDARD = gnu11;
				GCC_NO_COMMON_BLOCKS = YES;
				GCC_WARN_64_TO_32_BIT_CONVERSION = YES;
				GCC_WARN_ABOUT_RETURN_TYPE = YES_ERROR;
				GCC_WARN_UNDECLARED_SELECTOR = YES;
				GCC_WARN_UNINITIALIZED_AUTOS = YES_AGGRESSIVE;
				GCC_WARN_UNUSED_FUNCTION = YES;
				GCC_WARN_UNUSED_VARIABLE = YES;
				MACOSX_DEPLOYMENT_TARGET = 14.0;
				MTL_ENABLE_DEBUG_INFO = NO;
				MTL_FAST_MATH = YES;
				PRODUCT_NAME = "$(TARGET_NAME)";
				SDKROOT = macosx;
				SWIFT_COMPILATION_MODE = wholemodule;
				SWIFT_OPTIMIZATION_LEVEL = "-O";
				SWIFT_VERSION = 5.0;
			};
			name = Release;
		};
		D9669B4C3C065679470E7ED7 /* Release */ = {
			isa = XCBuildConfiguration;
			buildSettings = {
				ASSETCATALOG_COMPILER_APPICON_NAME = AppIcon;
				CODE_SIGN_ENTITLEMENTS = Sources/FuseBar/FuseBar.entitlements;
				COMBINE_HIDPI_IMAGES = YES;
				CURRENT_PROJECT_VERSION = 3;
				GENERATE_INFOPLIST_FILE = YES;
				INFOPLIST_KEY_ITSAppUsesNonExemptEncryption = NO;
				INFOPLIST_KEY_LSApplicationCategoryType = "public.app-category.utilities";
				INFOPLIST_KEY_LSUIElement = YES;
				INFOPLIST_KEY_NSBluetoothAlwaysUsageDescription = "FuseBar shows paired Bluetooth devices and connects or disconnects them when you choose. Device names and status stay on your Mac.";
				INFOPLIST_KEY_NSHighResolutionCapable = YES;
				INFOPLIST_KEY_NSLocationUsageDescription = "macOS requires location permission to read Wi-Fi names and scan nearby networks on request. FuseBar does not collect location or upload network names.";
				INFOPLIST_KEY_NSLocationWhenInUseUsageDescription = "macOS requires location permission to read Wi-Fi names and scan nearby networks on request. FuseBar does not collect location or upload network names.";
				INFOPLIST_KEY_NSPrincipalClass = NSApplication;
				LD_RUNPATH_SEARCH_PATHS = (
					"$(inherited)",
					"@executable_path/../Frameworks",
				);
				MARKETING_VERSION = 1.1.0;
				PRODUCT_BUNDLE_IDENTIFIER = com.clothpath.fusebar;
				SDKROOT = macosx;
			};
			name = Release;
		};
/* End XCBuildConfiguration section */

/* Begin XCConfigurationList section */
		E5B8C785901F1ACC292AE51E /* Build configuration list for PBXProject "FuseBar" */ = {
			isa = XCConfigurationList;
			buildConfigurations = (
				26C72F47CF6056A08595C97D /* Debug */,
				B2A557F2D932E7238F02A9B6 /* Release */,
			);
			defaultConfigurationIsVisible = 0;
			defaultConfigurationName = Debug;
		};
		E67320E4ADCB0566005C2B02 /* Build configuration list for PBXNativeTarget "FuseBar" */ = {
			isa = XCConfigurationList;
			buildConfigurations = (
				21EE16AC36D6E3CDB02140C8 /* Debug */,
				D9669B4C3C065679470E7ED7 /* Release */,
			);
			defaultConfigurationIsVisible = 0;
			defaultConfigurationName = Debug;
		};
		F38B94CE32BA18625C174132 /* Build configuration list for PBXNativeTarget "FuseBarTests" */ = {
			isa = XCConfigurationList;
			buildConfigurations = (
				AAE2D79D91E0CAB65589486B /* Debug */,
				27A64A7F471E12BEDDF1C287 /* Release */,
			);
			defaultConfigurationIsVisible = 0;
			defaultConfigurationName = Debug;
		};
/* End XCConfigurationList section */
	};
	rootObject = 48A71820AB367C395FD9DCC7 /* Project object */;
}
